{
  "name": "libreria",
  "version": "1.0.0",
  "lockfileVersion": 2,
  "requires": true,
  "packages": {
    "": {
      "name": "libreria",
      "version": "1.0.0",
      "license": "ISC",
      "dependencies": {
        "operaciones-coderhouse28855": "^1.0.2"
      }
    },
    "node_modules/operaciones-coderhouse28855": {
      "version": "1.0.2",
      "resolved": "https://registry.npmjs.org/operaciones-coderhouse28855/-/operaciones-coderhouse28855-1.0.2.tgz",
      "integrity": "sha512-lE6La4xN+ko72osTKpsBMRDLdRbVAOQIbFWHUE0kQD2/LLuGGY8F72alHwEoiZEuwEiZvsET7XrB/kOMhB1AWg=="
    }
  },
  "dependencies": {
    "operaciones-coderhouse28855": {
      "version": "1.0.2",
      "resolved": "https://registry.npmjs.org/operaciones-coderhouse28855/-/operaciones-coderhouse28855-1.0.2.tgz",
      "integrity": "sha512-lE6La4xN+ko72osTKpsBMRDLdRbVAOQIbFWHUE0kQD2/LLuGGY8F72alHwEoiZEuwEiZvsET7XrB/kOMhB1AWg=="
    }
  }
}
